# THIS IS AN AUTOGENERATED FILE. DO NOT EDIT THIS FILE DIRECTLY.
# yarn lockfile v1


"@types/ramda@^0.27.0":
  version "0.27.0"
  resolved "https://registry.yarnpkg.com/@types/ramda/-/ramda-0.27.0.tgz#e6df564a5f9637c93e708b4fdb948c6a5457ecad"
  integrity sha512-/Iw94cBUhU8RS6HvFs0WNrxLrOHS4VdCbaWWemrqaXM4GqNYdw/wtWQXk8nAjMj4YC4EXMumbYGO+D9yhACCLQ==
  dependencies:
    ts-toolbelt "^6.3.3"

ramda@^0.27.0:
  version "0.27.0"
  resolved "https://registry.yarnpkg.com/ramda/-/ramda-0.27.0.tgz#915dc29865c0800bf3f69b8fd6c279898b59de43"
  integrity sha512-pVzZdDpWwWqEVVLshWUHjNwuVP7SfcmPraYuqocJp1yo2U1R7P+5QAfDhdItkuoGqIBnBYrtPp7rEPqDn9HlZA==

ts-toolbelt@^6.3.3:
  version "6.3.6"
  resolved "https://registry.yarnpkg.com/ts-toolbelt/-/ts-toolbelt-6.3.6.tgz#2bde29106c013ed520c32f30e1248daf8fd4f5f9"
  integrity sha512-eVzym+LyQodOCfyVyQDQ6FGYbO2Xf9Nc4dGLRKlKSUpAs+8qQWHG+grDiA3ciEuNPNZ0qJnNIYkdqBW1rCWuUA==
